
Microsoft Visual Studio Solution File, Format Version 12.00
# Visual Studio Version 17
VisualStudioVersion = 17.9.34622.214
MinimumVisualStudioVersion = 10.0.40219.1
Project("{FAE04EC0-301F-11D3-BF4B-00C04F79EFBC}") = "DEMO.DAL", "DEMO.DAL\DEMO.DAL.csproj", "{536E0D12-D74F-4291-81C7-E24A0A6863E6}"
EndProject
Project("{FAE04EC0-301F-11D3-BF4B-00C04F79EFBC}") = "DEMO.BLL", "DEMO.BLL\DEMO.BLL.csproj", "{920AD054-D3D5-42B1-90B1-5D9731A3F2F8}"
EndProject
Project("{FAE04EC0-301F-11D3-BF4B-00C04F79EFBC}") = "DEMO.PL", "DEMO.PL\DEMO.PL.csproj", "{40EED3F5-7EE4-4173-8761-9DEA9A12FA22}"
EndProject
Global
	GlobalSection(SolutionConfigurationPlatforms) = preSolution
		Debug|Any CPU = Debug|Any CPU
		Release|Any CPU = Release|Any CPU
	EndGlobalSection
	GlobalSection(ProjectConfigurationPlatforms) = postSolution
		{536E0D12-D74F-4291-81C7-E24A0A6863E6}.Debug|Any CPU.ActiveCfg = Debug|Any CPU
		{536E0D12-D74F-4291-81C7-E24A0A6863E6}.Debug|Any CPU.Build.0 = Debug|Any CPU
		{536E0D12-D74F-4291-81C7-E24A0A6863E6}.Release|Any CPU.ActiveCfg = Release|Any CPU
		{536E0D12-D74F-4291-81C7-E24A0A6863E6}.Release|Any CPU.Build.0 = Release|Any CPU
		{920AD054-D3D5-42B1-90B1-5D9731A3F2F8}.Debug|Any CPU.ActiveCfg = Debug|Any CPU
		{920AD054-D3D5-42B1-90B1-5D9731A3F2F8}.Debug|Any CPU.Build.0 = Debug|Any CPU
		{920AD054-D3D5-42B1-90B1-5D9731A3F2F8}.Release|Any CPU.ActiveCfg = Release|Any CPU
		{920AD054-D3D5-42B1-90B1-5D9731A3F2F8}.Release|Any CPU.Build.0 = Release|Any CPU
		{40EED3F5-7EE4-4173-8761-9DEA9A12FA22}.Debug|Any CPU.ActiveCfg = Debug|Any CPU
		{40EED3F5-7EE4-4173-8761-9DEA9A12FA22}.Debug|Any CPU.Build.0 = Debug|Any CPU
		{40EED3F5-7EE4-4173-8761-9DEA9A12FA22}.Release|Any CPU.ActiveCfg = Release|Any CPU
		{40EED3F5-7EE4-4173-8761-9DEA9A12FA22}.Release|Any CPU.Build.0 = Release|Any CPU
	EndGlobalSection
	GlobalSection(SolutionProperties) = preSolution
		HideSolutionNode = FALSE
	EndGlobalSection
	GlobalSection(ExtensibilityGlobals) = postSolution
		SolutionGuid = {B00D6ECF-A8AE-42AA-85C4-6A479A8F5DF7}
	EndGlobalSection
EndGlobal
